
Microsoft Visual Studio Solution File, Format Version 12.00
# Visual Studio Version 17
VisualStudioVersion = 17.1.32210.238
MinimumVisualStudioVersion = 10.0.40219.1
Project("{9A19103F-16F7-4668-BE54-9A1E7A4F7556}") = "eShopSolution.Data", "eShopSolution.Data\eShopSolution.Data.csproj", "{2DD07CF5-723C-4EFD-B1F4-CD486B812CAB}"
EndProject
Project("{9A19103F-16F7-4668-BE54-9A1E7A4F7556}") = "eShopSolution.Application", "eShopSolution.Application\eShopSolution.Application.csproj", "{FD4035DE-57EF-44DA-B98A-A5F6EAF020A9}"
EndProject
Project("{9A19103F-16F7-4668-BE54-9A1E7A4F7556}") = "eShopSolution.Utilities", "eShopSolution.Utilities\eShopSolution.Utilities.csproj", "{78B026C3-B8F3-47C2-AAEA-9663D986C4A3}"
EndProject
Project("{9A19103F-16F7-4668-BE54-9A1E7A4F7556}") = "eShopSolution.ViewModels", "eShopSolution.ViewModels\eShopSolution.ViewModels.csproj", "{15587AD8-F79A-4A5A-834C-31F256A272E3}"
EndProject
Project("{9A19103F-16F7-4668-BE54-9A1E7A4F7556}") = "eShopSolution.BackendApi", "eShopSolution.BackendApi\eShopSolution.BackendApi.csproj", "{65128FA4-2B64-4ABA-A6C4-0FF97DB5B62E}"
EndProject
Project("{9A19103F-16F7-4668-BE54-9A1E7A4F7556}") = "eShopSolution.WebApp", "eShopSolution.WebApp\eShopSolution.WebApp.csproj", "{6DAFD871-51E6-4FE2-86A6-A5D40C98FC25}"
EndProject
Project("{2150E333-8FDC-42A3-9474-1A3956D46DE8}") = "1.DataAccessLayer", "1.DataAccessLayer", "{224E47F1-4C30-4761-91F9-8B7BCE0F70A9}"
EndProject
Project("{2150E333-8FDC-42A3-9474-1A3956D46DE8}") = "2.BusinessLogicLayer", "2.BusinessLogicLayer", "{5B75EF10-8D4D-43E1-BA72-3B8475DC1910}"
EndProject
Project("{2150E333-8FDC-42A3-9474-1A3956D46DE8}") = "3.PresentationLayer", "3.PresentationLayer", "{C7F26932-17BF-42BB-A275-067B4E54BBBB}"
EndProject
Project("{9A19103F-16F7-4668-BE54-9A1E7A4F7556}") = "eShopSolution.AdminApp", "eShopSolution.AdminApp\eShopSolution.AdminApp.csproj", "{CC4C9669-047D-4E6E-AEDB-6260F2C156CE}"
EndProject
Global
	GlobalSection(SolutionConfigurationPlatforms) = preSolution
		Debug|Any CPU = Debug|Any CPU
		Release|Any CPU = Release|Any CPU
	EndGlobalSection
	GlobalSection(ProjectConfigurationPlatforms) = postSolution
		{2DD07CF5-723C-4EFD-B1F4-CD486B812CAB}.Debug|Any CPU.ActiveCfg = Debug|Any CPU
		{2DD07CF5-723C-4EFD-B1F4-CD486B812CAB}.Debug|Any CPU.Build.0 = Debug|Any CPU
		{2DD07CF5-723C-4EFD-B1F4-CD486B812CAB}.Release|Any CPU.ActiveCfg = Release|Any CPU
		{2DD07CF5-723C-4EFD-B1F4-CD486B812CAB}.Release|Any CPU.Build.0 = Release|Any CPU
		{FD4035DE-57EF-44DA-B98A-A5F6EAF020A9}.Debug|Any CPU.ActiveCfg = Debug|Any CPU
		{FD4035DE-57EF-44DA-B98A-A5F6EAF020A9}.Debug|Any CPU.Build.0 = Debug|Any CPU
		{FD4035DE-57EF-44DA-B98A-A5F6EAF020A9}.Release|Any CPU.ActiveCfg = Release|Any CPU
		{FD4035DE-57EF-44DA-B98A-A5F6EAF020A9}.Release|Any CPU.Build.0 = Release|Any CPU
		{78B026C3-B8F3-47C2-AAEA-9663D986C4A3}.Debug|Any CPU.ActiveCfg = Debug|Any CPU
		{78B026C3-B8F3-47C2-AAEA-9663D986C4A3}.Debug|Any CPU.Build.0 = Debug|Any CPU
		{78B026C3-B8F3-47C2-AAEA-9663D986C4A3}.Release|Any CPU.ActiveCfg = Release|Any CPU
		{78B026C3-B8F3-47C2-AAEA-9663D986C4A3}.Release|Any CPU.Build.0 = Release|Any CPU
		{15587AD8-F79A-4A5A-834C-31F256A272E3}.Debug|Any CPU.ActiveCfg = Debug|Any CPU
		{15587AD8-F79A-4A5A-834C-31F256A272E3}.Debug|Any CPU.Build.0 = Debug|Any CPU
		{15587AD8-F79A-4A5A-834C-31F256A272E3}.Release|Any CPU.ActiveCfg = Release|Any CPU
		{15587AD8-F79A-4A5A-834C-31F256A272E3}.Release|Any CPU.Build.0 = Release|Any CPU
		{65128FA4-2B64-4ABA-A6C4-0FF97DB5B62E}.Debug|Any CPU.ActiveCfg = Debug|Any CPU
		{65128FA4-2B64-4ABA-A6C4-0FF97DB5B62E}.Debug|Any CPU.Build.0 = Debug|Any CPU
		{65128FA4-2B64-4ABA-A6C4-0FF97DB5B62E}.Release|Any CPU.ActiveCfg = Release|Any CPU
		{65128FA4-2B64-4ABA-A6C4-0FF97DB5B62E}.Release|Any CPU.Build.0 = Release|Any CPU
		{6DAFD871-51E6-4FE2-86A6-A5D40C98FC25}.Debug|Any CPU.ActiveCfg = Debug|Any CPU
		{6DAFD871-51E6-4FE2-86A6-A5D40C98FC25}.Debug|Any CPU.Build.0 = Debug|Any CPU
		{6DAFD871-51E6-4FE2-86A6-A5D40C98FC25}.Release|Any CPU.ActiveCfg = Release|Any CPU
		{6DAFD871-51E6-4FE2-86A6-A5D40C98FC25}.Release|Any CPU.Build.0 = Release|Any CPU
		{CC4C9669-047D-4E6E-AEDB-6260F2C156CE}.Debug|Any CPU.ActiveCfg = Debug|Any CPU
		{CC4C9669-047D-4E6E-AEDB-6260F2C156CE}.Debug|Any CPU.Build.0 = Debug|Any CPU
		{CC4C9669-047D-4E6E-AEDB-6260F2C156CE}.Release|Any CPU.ActiveCfg = Release|Any CPU
		{CC4C9669-047D-4E6E-AEDB-6260F2C156CE}.Release|Any CPU.Build.0 = Release|Any CPU
	EndGlobalSection
	GlobalSection(SolutionProperties) = preSolution
		HideSolutionNode = FALSE
	EndGlobalSection
	GlobalSection(NestedProjects) = preSolution
		{2DD07CF5-723C-4EFD-B1F4-CD486B812CAB} = {224E47F1-4C30-4761-91F9-8B7BCE0F70A9}
		{FD4035DE-57EF-44DA-B98A-A5F6EAF020A9} = {5B75EF10-8D4D-43E1-BA72-3B8475DC1910}
		{78B026C3-B8F3-47C2-AAEA-9663D986C4A3} = {5B75EF10-8D4D-43E1-BA72-3B8475DC1910}
		{15587AD8-F79A-4A5A-834C-31F256A272E3} = {5B75EF10-8D4D-43E1-BA72-3B8475DC1910}
		{65128FA4-2B64-4ABA-A6C4-0FF97DB5B62E} = {5B75EF10-8D4D-43E1-BA72-3B8475DC1910}
		{6DAFD871-51E6-4FE2-86A6-A5D40C98FC25} = {C7F26932-17BF-42BB-A275-067B4E54BBBB}
		{CC4C9669-047D-4E6E-AEDB-6260F2C156CE} = {C7F26932-17BF-42BB-A275-067B4E54BBBB}
	EndGlobalSection
	GlobalSection(ExtensibilityGlobals) = postSolution
		SolutionGuid = {3111C8F9-B628-4867-9650-CE595FBDE7F1}
	EndGlobalSection
EndGlobal
